
Microsoft Visual Studio Solution File, Format Version 12.00
# Visual Studio 2015
Project("{FAE04EC0-301F-11D3-BF4B-00C04F79EFBC}") = "Zapghost", "Zapghost.csproj", "{6C89DB13-5534-15B1-0DF2-E9CBDC4928A6}"
EndProject
Project("{FAE04EC0-301F-11D3-BF4B-00C04F79EFBC}") = "Zapghost.Editor", "Zapghost.Editor.csproj", "{F4009A5A-5070-0CA7-200F-7344A1E74D56}"
EndProject
Global
	GlobalSection(SolutionConfigurationPlatforms) = preSolution
		Debug|Any CPU = Debug|Any CPU
		Release|Any CPU = Release|Any CPU
	EndGlobalSection
	GlobalSection(ProjectConfigurationPlatforms) = postSolution
		{6C89DB13-5534-15B1-0DF2-E9CBDC4928A6}.Debug|Any CPU.ActiveCfg = Debug|Any CPU
		{6C89DB13-5534-15B1-0DF2-E9CBDC4928A6}.Debug|Any CPU.Build.0 = Debug|Any CPU
		{6C89DB13-5534-15B1-0DF2-E9CBDC4928A6}.Release|Any CPU.ActiveCfg = Release|Any CPU
		{6C89DB13-5534-15B1-0DF2-E9CBDC4928A6}.Release|Any CPU.Build.0 = Release|Any CPU
		{F4009A5A-5070-0CA7-200F-7344A1E74D56}.Debug|Any CPU.ActiveCfg = Debug|Any CPU
		{F4009A5A-5070-0CA7-200F-7344A1E74D56}.Debug|Any CPU.Build.0 = Debug|Any CPU
		{F4009A5A-5070-0CA7-200F-7344A1E74D56}.Release|Any CPU.ActiveCfg = Release|Any CPU
		{F4009A5A-5070-0CA7-200F-7344A1E74D56}.Release|Any CPU.Build.0 = Release|Any CPU
	EndGlobalSection
	GlobalSection(SolutionProperties) = preSolution
		HideSolutionNode = FALSE
	EndGlobalSection
EndGlobal
